
Microsoft Visual Studio Solution File, Format Version 12.00
# Visual Studio Version 17
VisualStudioVersion = 17.8.34525.116
MinimumVisualStudioVersion = 10.0.40219.1
Project("{9A19103F-16F7-4668-BE54-9A1E7A4F7556}") = "CollectaMundo", "CollectaMundo.csproj", "{86FB2F77-52DD-4044-83D8-78695CCDF161}"
EndProject
Project("{840C416C-B8F3-42BC-B0DD-F6BB14C9F8CB}") = "CollectaMundoInstaller", "..\CollectaMundoInstaller\CollectaMundoInstaller.aiproj", "{367FBE5E-FA61-4AC5-8A13-7DA9ED1D1303}"
EndProject
Global
	GlobalSection(SolutionConfigurationPlatforms) = preSolution
		All|Any CPU = All|Any CPU
		Debug|Any CPU = Debug|Any CPU
		DefaultBuild|Any CPU = DefaultBuild|Any CPU
		Release|Any CPU = Release|Any CPU
	EndGlobalSection
	GlobalSection(ProjectConfigurationPlatforms) = postSolution
		{86FB2F77-52DD-4044-83D8-78695CCDF161}.All|Any CPU.ActiveCfg = Release|Any CPU
		{86FB2F77-52DD-4044-83D8-78695CCDF161}.All|Any CPU.Build.0 = Release|Any CPU
		{86FB2F77-52DD-4044-83D8-78695CCDF161}.Debug|Any CPU.ActiveCfg = Debug|Any CPU
		{86FB2F77-52DD-4044-83D8-78695CCDF161}.Debug|Any CPU.Build.0 = Debug|Any CPU
		{86FB2F77-52DD-4044-83D8-78695CCDF161}.DefaultBuild|Any CPU.ActiveCfg = Debug|Any CPU
		{86FB2F77-52DD-4044-83D8-78695CCDF161}.DefaultBuild|Any CPU.Build.0 = Debug|Any CPU
		{86FB2F77-52DD-4044-83D8-78695CCDF161}.Release|Any CPU.ActiveCfg = Release|Any CPU
		{86FB2F77-52DD-4044-83D8-78695CCDF161}.Release|Any CPU.Build.0 = Release|Any CPU
		{367FBE5E-FA61-4AC5-8A13-7DA9ED1D1303}.All|Any CPU.ActiveCfg = DefaultBuild
		{367FBE5E-FA61-4AC5-8A13-7DA9ED1D1303}.All|Any CPU.Build.0 = DefaultBuild
		{367FBE5E-FA61-4AC5-8A13-7DA9ED1D1303}.Debug|Any CPU.ActiveCfg = DefaultBuild
		{367FBE5E-FA61-4AC5-8A13-7DA9ED1D1303}.Debug|Any CPU.Build.0 = DefaultBuild
		{367FBE5E-FA61-4AC5-8A13-7DA9ED1D1303}.DefaultBuild|Any CPU.ActiveCfg = DefaultBuild
		{367FBE5E-FA61-4AC5-8A13-7DA9ED1D1303}.DefaultBuild|Any CPU.Build.0 = DefaultBuild
		{367FBE5E-FA61-4AC5-8A13-7DA9ED1D1303}.Release|Any CPU.ActiveCfg = DefaultBuild
		{367FBE5E-FA61-4AC5-8A13-7DA9ED1D1303}.Release|Any CPU.Build.0 = DefaultBuild
	EndGlobalSection
	GlobalSection(SolutionProperties) = preSolution
		HideSolutionNode = FALSE
	EndGlobalSection
	GlobalSection(ExtensibilityGlobals) = postSolution
		SolutionGuid = {2C83A703-90F9-4F9A-B71F-E6DB3C7C10C4}
	EndGlobalSection
EndGlobal
