
Microsoft Visual Studio Solution File, Format Version 12.00
# Visual Studio Version 17
VisualStudioVersion = 17.8.34525.116
MinimumVisualStudioVersion = 10.0.40219.1
Project("{9A19103F-16F7-4668-BE54-9A1E7A4F7556}") = "CollectaMundo", "CollectaMundo.csproj", "{86FB2F77-52DD-4044-83D8-78695CCDF161}"
EndProject
Project("{B7DD6F7E-DEF8-4E67-B5B7-07EF123DB6F0}") = "WixInstaller", "..\WixInstaller\WixInstaller.wixproj", "{0EC9DB4F-6214-4952-B0A1-8B7629D1FCEA}"
EndProject
Global
	GlobalSection(SolutionConfigurationPlatforms) = preSolution
		All|Any CPU = All|Any CPU
		All|ARM64 = All|ARM64
		All|x64 = All|x64
		All|x86 = All|x86
		Debug|Any CPU = Debug|Any CPU
		Debug|ARM64 = Debug|ARM64
		Debug|x64 = Debug|x64
		Debug|x86 = Debug|x86
		DefaultBuild|Any CPU = DefaultBuild|Any CPU
		DefaultBuild|ARM64 = DefaultBuild|ARM64
		DefaultBuild|x64 = DefaultBuild|x64
		DefaultBuild|x86 = DefaultBuild|x86
		Release|Any CPU = Release|Any CPU
		Release|ARM64 = Release|ARM64
		Release|x64 = Release|x64
		Release|x86 = Release|x86
	EndGlobalSection
	GlobalSection(ProjectConfigurationPlatforms) = postSolution
		{86FB2F77-52DD-4044-83D8-78695CCDF161}.All|Any CPU.ActiveCfg = Release|Any CPU
		{86FB2F77-52DD-4044-83D8-78695CCDF161}.All|Any CPU.Build.0 = Release|Any CPU
		{86FB2F77-52DD-4044-83D8-78695CCDF161}.All|ARM64.ActiveCfg = Debug|Any CPU
		{86FB2F77-52DD-4044-83D8-78695CCDF161}.All|ARM64.Build.0 = Debug|Any CPU
		{86FB2F77-52DD-4044-83D8-78695CCDF161}.All|x64.ActiveCfg = Debug|Any CPU
		{86FB2F77-52DD-4044-83D8-78695CCDF161}.All|x64.Build.0 = Debug|Any CPU
		{86FB2F77-52DD-4044-83D8-78695CCDF161}.All|x86.ActiveCfg = Debug|Any CPU
		{86FB2F77-52DD-4044-83D8-78695CCDF161}.All|x86.Build.0 = Debug|Any CPU
		{86FB2F77-52DD-4044-83D8-78695CCDF161}.Debug|Any CPU.ActiveCfg = Debug|Any CPU
		{86FB2F77-52DD-4044-83D8-78695CCDF161}.Debug|Any CPU.Build.0 = Debug|Any CPU
		{86FB2F77-52DD-4044-83D8-78695CCDF161}.Debug|ARM64.ActiveCfg = Debug|Any CPU
		{86FB2F77-52DD-4044-83D8-78695CCDF161}.Debug|ARM64.Build.0 = Debug|Any CPU
		{86FB2F77-52DD-4044-83D8-78695CCDF161}.Debug|x64.ActiveCfg = Debug|Any CPU
		{86FB2F77-52DD-4044-83D8-78695CCDF161}.Debug|x64.Build.0 = Debug|Any CPU
		{86FB2F77-52DD-4044-83D8-78695CCDF161}.Debug|x86.ActiveCfg = Debug|Any CPU
		{86FB2F77-52DD-4044-83D8-78695CCDF161}.Debug|x86.Build.0 = Debug|Any CPU
		{86FB2F77-52DD-4044-83D8-78695CCDF161}.DefaultBuild|Any CPU.ActiveCfg = Debug|Any CPU
		{86FB2F77-52DD-4044-83D8-78695CCDF161}.DefaultBuild|Any CPU.Build.0 = Debug|Any CPU
		{86FB2F77-52DD-4044-83D8-78695CCDF161}.DefaultBuild|ARM64.ActiveCfg = Debug|Any CPU
		{86FB2F77-52DD-4044-83D8-78695CCDF161}.DefaultBuild|ARM64.Build.0 = Debug|Any CPU
		{86FB2F77-52DD-4044-83D8-78695CCDF161}.DefaultBuild|x64.ActiveCfg = Debug|Any CPU
		{86FB2F77-52DD-4044-83D8-78695CCDF161}.DefaultBuild|x64.Build.0 = Debug|Any CPU
		{86FB2F77-52DD-4044-83D8-78695CCDF161}.DefaultBuild|x86.ActiveCfg = Debug|Any CPU
		{86FB2F77-52DD-4044-83D8-78695CCDF161}.DefaultBuild|x86.Build.0 = Debug|Any CPU
		{86FB2F77-52DD-4044-83D8-78695CCDF161}.Release|Any CPU.ActiveCfg = Release|Any CPU
		{86FB2F77-52DD-4044-83D8-78695CCDF161}.Release|Any CPU.Build.0 = Release|Any CPU
		{86FB2F77-52DD-4044-83D8-78695CCDF161}.Release|ARM64.ActiveCfg = Release|Any CPU
		{86FB2F77-52DD-4044-83D8-78695CCDF161}.Release|ARM64.Build.0 = Release|Any CPU
		{86FB2F77-52DD-4044-83D8-78695CCDF161}.Release|x64.ActiveCfg = Release|Any CPU
		{86FB2F77-52DD-4044-83D8-78695CCDF161}.Release|x64.Build.0 = Release|Any CPU
		{86FB2F77-52DD-4044-83D8-78695CCDF161}.Release|x86.ActiveCfg = Release|Any CPU
		{86FB2F77-52DD-4044-83D8-78695CCDF161}.Release|x86.Build.0 = Release|Any CPU
		{0EC9DB4F-6214-4952-B0A1-8B7629D1FCEA}.All|Any CPU.ActiveCfg = Debug|x64
		{0EC9DB4F-6214-4952-B0A1-8B7629D1FCEA}.All|Any CPU.Build.0 = Debug|x64
		{0EC9DB4F-6214-4952-B0A1-8B7629D1FCEA}.All|ARM64.ActiveCfg = Debug|ARM64
		{0EC9DB4F-6214-4952-B0A1-8B7629D1FCEA}.All|ARM64.Build.0 = Debug|ARM64
		{0EC9DB4F-6214-4952-B0A1-8B7629D1FCEA}.All|x64.ActiveCfg = Debug|x64
		{0EC9DB4F-6214-4952-B0A1-8B7629D1FCEA}.All|x64.Build.0 = Debug|x64
		{0EC9DB4F-6214-4952-B0A1-8B7629D1FCEA}.All|x86.ActiveCfg = Debug|x86
		{0EC9DB4F-6214-4952-B0A1-8B7629D1FCEA}.All|x86.Build.0 = Debug|x86
		{0EC9DB4F-6214-4952-B0A1-8B7629D1FCEA}.Debug|Any CPU.ActiveCfg = Debug|x64
		{0EC9DB4F-6214-4952-B0A1-8B7629D1FCEA}.Debug|Any CPU.Build.0 = Debug|x64
		{0EC9DB4F-6214-4952-B0A1-8B7629D1FCEA}.Debug|ARM64.ActiveCfg = Debug|ARM64
		{0EC9DB4F-6214-4952-B0A1-8B7629D1FCEA}.Debug|ARM64.Build.0 = Debug|ARM64
		{0EC9DB4F-6214-4952-B0A1-8B7629D1FCEA}.Debug|x64.ActiveCfg = Debug|x64
		{0EC9DB4F-6214-4952-B0A1-8B7629D1FCEA}.Debug|x64.Build.0 = Debug|x64
		{0EC9DB4F-6214-4952-B0A1-8B7629D1FCEA}.Debug|x86.ActiveCfg = Debug|x86
		{0EC9DB4F-6214-4952-B0A1-8B7629D1FCEA}.Debug|x86.Build.0 = Debug|x86
		{0EC9DB4F-6214-4952-B0A1-8B7629D1FCEA}.DefaultBuild|Any CPU.ActiveCfg = Debug|x64
		{0EC9DB4F-6214-4952-B0A1-8B7629D1FCEA}.DefaultBuild|Any CPU.Build.0 = Debug|x64
		{0EC9DB4F-6214-4952-B0A1-8B7629D1FCEA}.DefaultBuild|ARM64.ActiveCfg = Debug|ARM64
		{0EC9DB4F-6214-4952-B0A1-8B7629D1FCEA}.DefaultBuild|ARM64.Build.0 = Debug|ARM64
		{0EC9DB4F-6214-4952-B0A1-8B7629D1FCEA}.DefaultBuild|x64.ActiveCfg = Debug|x64
		{0EC9DB4F-6214-4952-B0A1-8B7629D1FCEA}.DefaultBuild|x64.Build.0 = Debug|x64
		{0EC9DB4F-6214-4952-B0A1-8B7629D1FCEA}.DefaultBuild|x86.ActiveCfg = Debug|x86
		{0EC9DB4F-6214-4952-B0A1-8B7629D1FCEA}.DefaultBuild|x86.Build.0 = Debug|x86
		{0EC9DB4F-6214-4952-B0A1-8B7629D1FCEA}.Release|Any CPU.ActiveCfg = Release|x64
		{0EC9DB4F-6214-4952-B0A1-8B7629D1FCEA}.Release|Any CPU.Build.0 = Release|x64
		{0EC9DB4F-6214-4952-B0A1-8B7629D1FCEA}.Release|ARM64.ActiveCfg = Release|ARM64
		{0EC9DB4F-6214-4952-B0A1-8B7629D1FCEA}.Release|ARM64.Build.0 = Release|ARM64
		{0EC9DB4F-6214-4952-B0A1-8B7629D1FCEA}.Release|x64.ActiveCfg = Release|x64
		{0EC9DB4F-6214-4952-B0A1-8B7629D1FCEA}.Release|x64.Build.0 = Release|x64
		{0EC9DB4F-6214-4952-B0A1-8B7629D1FCEA}.Release|x86.ActiveCfg = Release|x86
		{0EC9DB4F-6214-4952-B0A1-8B7629D1FCEA}.Release|x86.Build.0 = Release|x86
	EndGlobalSection
	GlobalSection(SolutionProperties) = preSolution
		HideSolutionNode = FALSE
	EndGlobalSection
	GlobalSection(ExtensibilityGlobals) = postSolution
		SolutionGuid = {2C83A703-90F9-4F9A-B71F-E6DB3C7C10C4}
	EndGlobalSection
EndGlobal
